
Microsoft Visual Studio Solution File, Format Version 12.00
# Visual Studio 15
VisualStudioVersion = 15.0.28307.421
MinimumVisualStudioVersion = 10.0.40219.1
Project("{9A19103F-16F7-4668-BE54-9A1E7A4F7556}") = "MangaAPI", "MangaAPI\MangaAPI.csproj", "{D8EBE192-C12F-4AF0-AF8F-39E11B93CEDE}"
EndProject
Project("{9A19103F-16F7-4668-BE54-9A1E7A4F7556}") = "MangaAPI.UnitTests", "MangaAPI.UnitTests\MangaAPI.UnitTests.csproj", "{669E2420-13E9-412F-B45C-1B971B1140A0}"
EndProject
Project("{FAE04EC0-301F-11D3-BF4B-00C04F79EFBC}") = "MangaDownloaderCLI", "MangaDownloaderCLI\MangaDownloaderCLI.csproj", "{479F932C-2B12-4997-86AB-7545BB6720F9}"
EndProject
Global
	GlobalSection(SolutionConfigurationPlatforms) = preSolution
		Debug|Any CPU = Debug|Any CPU
		Release|Any CPU = Release|Any CPU
	EndGlobalSection
	GlobalSection(ProjectConfigurationPlatforms) = postSolution
		{D8EBE192-C12F-4AF0-AF8F-39E11B93CEDE}.Debug|Any CPU.ActiveCfg = Debug|Any CPU
		{D8EBE192-C12F-4AF0-AF8F-39E11B93CEDE}.Debug|Any CPU.Build.0 = Debug|Any CPU
		{D8EBE192-C12F-4AF0-AF8F-39E11B93CEDE}.Release|Any CPU.ActiveCfg = Release|Any CPU
		{D8EBE192-C12F-4AF0-AF8F-39E11B93CEDE}.Release|Any CPU.Build.0 = Release|Any CPU
		{669E2420-13E9-412F-B45C-1B971B1140A0}.Debug|Any CPU.ActiveCfg = Debug|Any CPU
		{669E2420-13E9-412F-B45C-1B971B1140A0}.Debug|Any CPU.Build.0 = Debug|Any CPU
		{669E2420-13E9-412F-B45C-1B971B1140A0}.Release|Any CPU.ActiveCfg = Release|Any CPU
		{669E2420-13E9-412F-B45C-1B971B1140A0}.Release|Any CPU.Build.0 = Release|Any CPU
		{479F932C-2B12-4997-86AB-7545BB6720F9}.Debug|Any CPU.ActiveCfg = Debug|Any CPU
		{479F932C-2B12-4997-86AB-7545BB6720F9}.Debug|Any CPU.Build.0 = Debug|Any CPU
		{479F932C-2B12-4997-86AB-7545BB6720F9}.Release|Any CPU.ActiveCfg = Release|Any CPU
		{479F932C-2B12-4997-86AB-7545BB6720F9}.Release|Any CPU.Build.0 = Release|Any CPU
	EndGlobalSection
	GlobalSection(SolutionProperties) = preSolution
		HideSolutionNode = FALSE
	EndGlobalSection
	GlobalSection(ExtensibilityGlobals) = postSolution
		SolutionGuid = {C787E0B2-20B9-4E5D-9AEA-3FB96E6FD29A}
	EndGlobalSection
EndGlobal
